// !$*UTF8*$!
{
	archiveVersion = 1;
	classes = {
	};
	objectVersion = 55;
	objects = {

/* Begin PBXBuildFile section */
		417D63E728D72BB100242561 /* LandingScreen_5.swift in Sources */ = {isa = PBXBuildFile; fileRef = 417D63E628D72BB100242561 /* LandingScreen_5.swift */; };
		417FD81D28D5DCE3005EA075 /* LandingScreen_2.swift in Sources */ = {isa = PBXBuildFile; fileRef = 417FD81C28D5DCE3005EA075 /* LandingScreen_2.swift */; };
		417FD81F28D5DCF3005EA075 /* LandingScreen_3.swift in Sources */ = {isa = PBXBuildFile; fileRef = 417FD81E28D5DCF3005EA075 /* LandingScreen_3.swift */; };
		417FD82128D60059005EA075 /* LandingScreen_4.swift in Sources */ = {isa = PBXBuildFile; fileRef = 417FD82028D60059005EA075 /* LandingScreen_4.swift */; };
		418081E228D40C8800A33546 /* LandingScreen_1.swift in Sources */ = {isa = PBXBuildFile; fileRef = 418081E128D40C8800A33546 /* LandingScreen_1.swift */; };
		41819E9D28D9D0F80051AF05 /* Devices_screen.swift in Sources */ = {isa = PBXBuildFile; fileRef = 41819E9C28D9D0F80051AF05 /* Devices_screen.swift */; };
		41819E9F28D9D1240051AF05 /* tabView.swift in Sources */ = {isa = PBXBuildFile; fileRef = 41819E9E28D9D1240051AF05 /* tabView.swift */; };
		4190C35528D98B23006BEAA2 /* CustomColor.swift in Sources */ = {isa = PBXBuildFile; fileRef = 4190C35428D98B23006BEAA2 /* CustomColor.swift */; };
		41A6580128D2E538005CB28F /* golf_demoApp.swift in Sources */ = {isa = PBXBuildFile; fileRef = 41A6580028D2E538005CB28F /* golf_demoApp.swift */; };
		41A6580328D2E538005CB28F /* ContentView.swift in Sources */ = {isa = PBXBuildFile; fileRef = 41A6580228D2E538005CB28F /* ContentView.swift */; };
		41A6580528D2E539005CB28F /* Assets.xcassets in Resources */ = {isa = PBXBuildFile; fileRef = 41A6580428D2E539005CB28F /* Assets.xcassets */; };
		41A6580828D2E539005CB28F /* Preview Assets.xcassets in Resources */ = {isa = PBXBuildFile; fileRef = 41A6580728D2E539005CB28F /* Preview Assets.xcassets */; };
		41A6585E28D36860005CB28F /* SplashView.swift in Sources */ = {isa = PBXBuildFile; fileRef = 41A6585D28D36860005CB28F /* SplashView.swift */; };
		41A6586228D36D3B005CB28F /* splash.gif in Resources */ = {isa = PBXBuildFile; fileRef = 41A6586128D36D3B005CB28F /* splash.gif */; };
		41B2D5DE28D8305700C0825E /* Golf_screen.swift in Sources */ = {isa = PBXBuildFile; fileRef = 41B2D5DD28D8305700C0825E /* Golf_screen.swift */; };
		41B915C428DAB5390078D5B9 /* StatsView.swift in Sources */ = {isa = PBXBuildFile; fileRef = 41B915C328DAB5390078D5B9 /* StatsView.swift */; };
		41B915C628DAB5480078D5B9 /* ClubsView.swift in Sources */ = {isa = PBXBuildFile; fileRef = 41B915C528DAB5480078D5B9 /* ClubsView.swift */; };
		41B915C828DAB55F0078D5B9 /* Score.swift in Sources */ = {isa = PBXBuildFile; fileRef = 41B915C728DAB55F0078D5B9 /* Score.swift */; };
/* End PBXBuildFile section */

/* Begin PBXFileReference section */
		417D63E628D72BB100242561 /* LandingScreen_5.swift */ = {isa = PBXFileReference; lastKnownFileType = sourcecode.swift; path = LandingScreen_5.swift; sourceTree = "<group>"; };
		417FD81C28D5DCE3005EA075 /* LandingScreen_2.swift */ = {isa = PBXFileReference; lastKnownFileType = sourcecode.swift; path = LandingScreen_2.swift; sourceTree = "<group>"; };
		417FD81E28D5DCF3005EA075 /* LandingScreen_3.swift */ = {isa = PBXFileReference; lastKnownFileType = sourcecode.swift; path = LandingScreen_3.swift; sourceTree = "<group>"; };
		417FD82028D60059005EA075 /* LandingScreen_4.swift */ = {isa = PBXFileReference; lastKnownFileType = sourcecode.swift; path = LandingScreen_4.swift; sourceTree = "<group>"; };
		418081E128D40C8800A33546 /* LandingScreen_1.swift */ = {isa = PBXFileReference; lastKnownFileType = sourcecode.swift; path = LandingScreen_1.swift; sourceTree = "<group>"; };
		41819E9C28D9D0F80051AF05 /* Devices_screen.swift */ = {isa = PBXFileReference; lastKnownFileType = sourcecode.swift; path = Devices_screen.swift; sourceTree = "<group>"; };
		41819E9E28D9D1240051AF05 /* tabView.swift */ = {isa = PBXFileReference; lastKnownFileType = sourcecode.swift; path = tabView.swift; sourceTree = "<group>"; };
		4190C35428D98B23006BEAA2 /* CustomColor.swift */ = {isa = PBXFileReference; lastKnownFileType = sourcecode.swift; path = CustomColor.swift; sourceTree = "<group>"; };
		41A657FD28D2E538005CB28F /* golf_demo.app */ = {isa = PBXFileReference; explicitFileType = wrapper.application; includeInIndex = 0; path = golf_demo.app; sourceTree = BUILT_PRODUCTS_DIR; };
		41A6580028D2E538005CB28F /* golf_demoApp.swift */ = {isa = PBXFileReference; lastKnownFileType = sourcecode.swift; path = golf_demoApp.swift; sourceTree = "<group>"; };
		41A6580228D2E538005CB28F /* ContentView.swift */ = {isa = PBXFileReference; lastKnownFileType = sourcecode.swift; path = ContentView.swift; sourceTree = "<group>"; };
		41A6580428D2E539005CB28F /* Assets.xcassets */ = {isa = PBXFileReference; lastKnownFileType = folder.assetcatalog; path = Assets.xcassets; sourceTree = "<group>"; };
		41A6580728D2E539005CB28F /* Preview Assets.xcassets */ = {isa = PBXFileReference; lastKnownFileType = folder.assetcatalog; path = "Preview Assets.xcassets"; sourceTree = "<group>"; };
		41A6585D28D36860005CB28F /* SplashView.swift */ = {isa = PBXFileReference; lastKnownFileType = sourcecode.swift; path = SplashView.swift; sourceTree = "<group>"; };
		41A6586128D36D3B005CB28F /* splash.gif */ = {isa = PBXFileReference; lastKnownFileType = image.gif; path = splash.gif; sourceTree = "<group>"; };
		41B2D5DD28D8305700C0825E /* Golf_screen.swift */ = {isa = PBXFileReference; lastKnownFileType = sourcecode.swift; path = Golf_screen.swift; sourceTree = "<group>"; };
		41B915C328DAB5390078D5B9 /* StatsView.swift */ = {isa = PBXFileReference; lastKnownFileType = sourcecode.swift; path = StatsView.swift; sourceTree = "<group>"; };
		41B915C528DAB5480078D5B9 /* ClubsView.swift */ = {isa = PBXFileReference; lastKnownFileType = sourcecode.swift; path = ClubsView.swift; sourceTree = "<group>"; };
		41B915C728DAB55F0078D5B9 /* Score.swift */ = {isa = PBXFileReference; lastKnownFileType = sourcecode.swift; path = Score.swift; sourceTree = "<group>"; };
/* End PBXFileReference section */

/* Begin PBXFrameworksBuildPhase section */
		41A657FA28D2E538005CB28F /* Frameworks */ = {
			isa = PBXFrameworksBuildPhase;
			buildActionMask = 2147483647;
			files = (
			);
			runOnlyForDeploymentPostprocessing = 0;
		};
/* End PBXFrameworksBuildPhase section */

/* Begin PBXGroup section */
		41A657F428D2E538005CB28F = {
			isa = PBXGroup;
			children = (
				41A657FF28D2E538005CB28F /* golf_demo */,
				41A657FE28D2E538005CB28F /* Products */,
			);
			sourceTree = "<group>";
		};
		41A657FE28D2E538005CB28F /* Products */ = {
			isa = PBXGroup;
			children = (
				41A657FD28D2E538005CB28F /* golf_demo.app */,
			);
			name = Products;
			sourceTree = "<group>";
		};
		41A657FF28D2E538005CB28F /* golf_demo */ = {
			isa = PBXGroup;
			children = (
				41A6580028D2E538005CB28F /* golf_demoApp.swift */,
				41A6580228D2E538005CB28F /* ContentView.swift */,
				418081E128D40C8800A33546 /* LandingScreen_1.swift */,
				417FD81C28D5DCE3005EA075 /* LandingScreen_2.swift */,
				417FD81E28D5DCF3005EA075 /* LandingScreen_3.swift */,
				417FD82028D60059005EA075 /* LandingScreen_4.swift */,
				417D63E628D72BB100242561 /* LandingScreen_5.swift */,
				41A6585D28D36860005CB28F /* SplashView.swift */,
				41B915C328DAB5390078D5B9 /* StatsView.swift */,
				41B915C528DAB5480078D5B9 /* ClubsView.swift */,
				41B915C728DAB55F0078D5B9 /* Score.swift */,
				41B2D5DD28D8305700C0825E /* Golf_screen.swift */,
				41819E9C28D9D0F80051AF05 /* Devices_screen.swift */,
				41819E9E28D9D1240051AF05 /* tabView.swift */,
				4190C35428D98B23006BEAA2 /* CustomColor.swift */,
				41A6586128D36D3B005CB28F /* splash.gif */,
				41A6580428D2E539005CB28F /* Assets.xcassets */,
				41A6580628D2E539005CB28F /* Preview Content */,
			);
			path = golf_demo;
			sourceTree = "<group>";
		};
		41A6580628D2E539005CB28F /* Preview Content */ = {
			isa = PBXGroup;
			children = (
				41A6580728D2E539005CB28F /* Preview Assets.xcassets */,
			);
			path = "Preview Content";
			sourceTree = "<group>";
		};
/* End PBXGroup section */

/* Begin PBXNativeTarget section */
		41A657FC28D2E538005CB28F /* golf_demo */ = {
			isa = PBXNativeTarget;
			buildConfigurationList = 41A6580B28D2E539005CB28F /* Build configuration list for PBXNativeTarget "golf_demo" */;
			buildPhases = (
				41A657F928D2E538005CB28F /* Sources */,
				41A657FA28D2E538005CB28F /* Frameworks */,
				41A657FB28D2E538005CB28F /* Resources */,
			);
			buildRules = (
			);
			dependencies = (
			);
			name = golf_demo;
			productName = golf_demo;
			productReference = 41A657FD28D2E538005CB28F /* golf_demo.app */;
			productType = "com.apple.product-type.application";
		};
/* End PBXNativeTarget section */

/* Begin PBXProject section */
		41A657F528D2E538005CB28F /* Project object */ = {
			isa = PBXProject;
			attributes = {
				BuildIndependentTargetsInParallel = 1;
				LastSwiftUpdateCheck = 1340;
				LastUpgradeCheck = 1340;
				TargetAttributes = {
					41A657FC28D2E538005CB28F = {
						CreatedOnToolsVersion = 13.4.1;
					};
				};
			};
			buildConfigurationList = 41A657F828D2E538005CB28F /* Build configuration list for PBXProject "golf_demo" */;
			compatibilityVersion = "Xcode 13.0";
			developmentRegion = en;
			hasScannedForEncodings = 0;
			knownRegions = (
				en,
				Base,
			);
			mainGroup = 41A657F428D2E538005CB28F;
			productRefGroup = 41A657FE28D2E538005CB28F /* Products */;
			projectDirPath = "";
			projectRoot = "";
			targets = (
				41A657FC28D2E538005CB28F /* golf_demo */,
			);
		};
/* End PBXProject section */

/* Begin PBXResourcesBuildPhase section */
		41A657FB28D2E538005CB28F /* Resources */ = {
			isa = PBXResourcesBuildPhase;
			buildActionMask = 2147483647;
			files = (
				41A6580828D2E539005CB28F /* Preview Assets.xcassets in Resources */,
				41A6586228D36D3B005CB28F /* splash.gif in Resources */,
				41A6580528D2E539005CB28F /* Assets.xcassets in Resources */,
			);
			runOnlyForDeploymentPostprocessing = 0;
		};
/* End PBXResourcesBuildPhase section */

/* Begin PBXSourcesBuildPhase section */
		41A657F928D2E538005CB28F /* Sources */ = {
			isa = PBXSourcesBuildPhase;
			buildActionMask = 2147483647;
			files = (
				41A6580328D2E538005CB28F /* ContentView.swift in Sources */,
				41819E9D28D9D0F80051AF05 /* Devices_screen.swift in Sources */,
				41B915C628DAB5480078D5B9 /* ClubsView.swift in Sources */,
				417D63E728D72BB100242561 /* LandingScreen_5.swift in Sources */,
				41B915C828DAB55F0078D5B9 /* Score.swift in Sources */,
				41B2D5DE28D8305700C0825E /* Golf_screen.swift in Sources */,
				417FD81F28D5DCF3005EA075 /* LandingScreen_3.swift in Sources */,
				417FD81D28D5DCE3005EA075 /* LandingScreen_2.swift in Sources */,
				41819E9F28D9D1240051AF05 /* tabView.swift in Sources */,
				418081E228D40C8800A33546 /* LandingScreen_1.swift in Sources */,
				417FD82128D60059005EA075 /* LandingScreen_4.swift in Sources */,
				41B915C428DAB5390078D5B9 /* StatsView.swift in Sources */,
				41A6585E28D36860005CB28F /* SplashView.swift in Sources */,
				4190C35528D98B23006BEAA2 /* CustomColor.swift in Sources */,
				41A6580128D2E538005CB28F /* golf_demoApp.swift in Sources */,
			);
			runOnlyForDeploymentPostprocessing = 0;
		};
/* End PBXSourcesBuildPhase section */

/* Begin XCBuildConfiguration section */
		41A6580928D2E539005CB28F /* Debug */ = {
			isa = XCBuildConfiguration;
			buildSettings = {
				ALWAYS_SEARCH_USER_PATHS = NO;
				CLANG_ANALYZER_NONNULL = YES;
				CLANG_ANALYZER_NUMBER_OBJECT_CONVERSION = YES_AGGRESSIVE;
				CLANG_CXX_LANGUAGE_STANDARD = "gnu++17";
				CLANG_ENABLE_MODULES = YES;
				CLANG_ENABLE_OBJC_ARC = YES;
				CLANG_ENABLE_OBJC_WEAK = YES;
				CLANG_WARN_BLOCK_CAPTURE_AUTORELEASING = YES;
				CLANG_WARN_BOOL_CONVERSION = YES;
				CLANG_WARN_COMMA = YES;
				CLANG_WARN_CONSTANT_CONVERSION = YES;
				CLANG_WARN_DEPRECATED_OBJC_IMPLEMENTATIONS = YES;
				CLANG_WARN_DIRECT_OBJC_ISA_USAGE = YES_ERROR;
				CLANG_WARN_DOCUMENTATION_COMMENTS = YES;
				CLANG_WARN_EMPTY_BODY = YES;
				CLANG_WARN_ENUM_CONVERSION = YES;
				CLANG_WARN_INFINITE_RECURSION = YES;
				CLANG_WARN_INT_CONVERSION = YES;
				CLANG_WARN_NON_LITERAL_NULL_CONVERSION = YES;
				CLANG_WARN_OBJC_IMPLICIT_RETAIN_SELF = YES;
				CLANG_WARN_OBJC_LITERAL_CONVERSION = YES;
				CLANG_WARN_OBJC_ROOT_CLASS = YES_ERROR;
				CLANG_WARN_QUOTED_INCLUDE_IN_FRAMEWORK_HEADER = YES;
				CLANG_WARN_RANGE_LOOP_ANALYSIS = YES;
				CLANG_WARN_STRICT_PROTOTYPES = YES;
				CLANG_WARN_SUSPICIOUS_MOVE = YES;
				CLANG_WARN_UNGUARDED_AVAILABILITY = YES_AGGRESSIVE;
				CLANG_WARN_UNREACHABLE_CODE = YES;
				CLANG_WARN__DUPLICATE_METHOD_MATCH = YES;
				COPY_PHASE_STRIP = NO;
				DEBUG_INFORMATION_FORMAT = dwarf;
				ENABLE_STRICT_OBJC_MSGSEND = YES;
				ENABLE_TESTABILITY = YES;
				GCC_C_LANGUAGE_STANDARD = gnu11;
				GCC_DYNAMIC_NO_PIC = NO;
				GCC_NO_COMMON_BLOCKS = YES;
				GCC_OPTIMIZATION_LEVEL = 0;
				GCC_PREPROCESSOR_DEFINITIONS = (
					"DEBUG=1",
					"$(inherited)",
				);
				GCC_WARN_64_TO_32_BIT_CONVERSION = YES;
				GCC_WARN_ABOUT_RETURN_TYPE = YES_ERROR;
				GCC_WARN_UNDECLARED_SELECTOR = YES;
				GCC_WARN_UNINITIALIZED_AUTOS = YES_AGGRESSIVE;
				GCC_WARN_UNUSED_FUNCTION = YES;
				GCC_WARN_UNUSED_VARIABLE = YES;
				IPHONEOS_DEPLOYMENT_TARGET = 15.5;
				MTL_ENABLE_DEBUG_INFO = INCLUDE_SOURCE;
				MTL_FAST_MATH = YES;
				ONLY_ACTIVE_ARCH = YES;
				SDKROOT = iphoneos;
				SWIFT_ACTIVE_COMPILATION_CONDITIONS = DEBUG;
				SWIFT_OPTIMIZATION_LEVEL = "-Onone";
			};
			name = Debug;
		};
		41A6580A28D2E539005CB28F /* Release */ = {
			isa = XCBuildConfiguration;
			buildSettings = {
				ALWAYS_SEARCH_USER_PATHS = NO;
				CLANG_ANALYZER_NONNULL = YES;
				CLANG_ANALYZER_NUMBER_OBJECT_CONVERSION = YES_AGGRESSIVE;
				CLANG_CXX_LANGUAGE_STANDARD = "gnu++17";
				CLANG_ENABLE_MODULES = YES;
				CLANG_ENABLE_OBJC_ARC = YES;
				CLANG_ENABLE_OBJC_WEAK = YES;
				CLANG_WARN_BLOCK_CAPTURE_AUTORELEASING = YES;
				CLANG_WARN_BOOL_CONVERSION = YES;
				CLANG_WARN_COMMA = YES;
				CLANG_WARN_CONSTANT_CONVERSION = YES;
				CLANG_WARN_DEPRECATED_OBJC_IMPLEMENTATIONS = YES;
				CLANG_WARN_DIRECT_OBJC_ISA_USAGE = YES_ERROR;
				CLANG_WARN_DOCUMENTATION_COMMENTS = YES;
				CLANG_WARN_EMPTY_BODY = YES;
				CLANG_WARN_ENUM_CONVERSION = YES;
				CLANG_WARN_INFINITE_RECURSION = YES;
				CLANG_WARN_INT_CONVERSION = YES;
				CLANG_WARN_NON_LITERAL_NULL_CONVERSION = YES;
				CLANG_WARN_OBJC_IMPLICIT_RETAIN_SELF = YES;
				CLANG_WARN_OBJC_LITERAL_CONVERSION = YES;
				CLANG_WARN_OBJC_ROOT_CLASS = YES_ERROR;
				CLANG_WARN_QUOTED_INCLUDE_IN_FRAMEWORK_HEADER = YES;
				CLANG_WARN_RANGE_LOOP_ANALYSIS = YES;
				CLANG_WARN_STRICT_PROTOTYPES = YES;
				CLANG_WARN_SUSPICIOUS_MOVE = YES;
				CLANG_WARN_UNGUARDED_AVAILABILITY = YES_AGGRESSIVE;
				CLANG_WARN_UNREACHABLE_CODE = YES;
				CLANG_WARN__DUPLICATE_METHOD_MATCH = YES;
				COPY_PHASE_STRIP = NO;
				DEBUG_INFORMATION_FORMAT = "dwarf-with-dsym";
				ENABLE_NS_ASSERTIONS = NO;
				ENABLE_STRICT_OBJC_MSGSEND = YES;
				GCC_C_LANGUAGE_STANDARD = gnu11;
				GCC_NO_COMMON_BLOCKS = YES;
				GCC_WARN_64_TO_32_BIT_CONVERSION = YES;
				GCC_WARN_ABOUT_RETURN_TYPE = YES_ERROR;
				GCC_WARN_UNDECLARED_SELECTOR = YES;
				GCC_WARN_UNINITIALIZED_AUTOS = YES_AGGRESSIVE;
				GCC_WARN_UNUSED_FUNCTION = YES;
				GCC_WARN_UNUSED_VARIABLE = YES;
				IPHONEOS_DEPLOYMENT_TARGET = 15.5;
				MTL_ENABLE_DEBUG_INFO = NO;
				MTL_FAST_MATH = YES;
				SDKROOT = iphoneos;
				SWIFT_COMPILATION_MODE = wholemodule;
				SWIFT_OPTIMIZATION_LEVEL = "-O";
				VALIDATE_PRODUCT = YES;
			};
			name = Release;
		};
		41A6580C28D2E539005CB28F /* Debug */ = {
			isa = XCBuildConfiguration;
			buildSettings = {
				ASSETCATALOG_COMPILER_APPICON_NAME = AppIcon;
				ASSETCATALOG_COMPILER_GLOBAL_ACCENT_COLOR_NAME = AccentColor;
				CODE_SIGN_STYLE = Automatic;
				CURRENT_PROJECT_VERSION = 1;
				DEVELOPMENT_ASSET_PATHS = "\"golf_demo/Preview Content\"";
				DEVELOPMENT_TEAM = 9RNHKLVM64;
				ENABLE_PREVIEWS = YES;
				GENERATE_INFOPLIST_FILE = YES;
				INFOPLIST_KEY_UIApplicationSceneManifest_Generation = YES;
				INFOPLIST_KEY_UIApplicationSupportsIndirectInputEvents = YES;
				INFOPLIST_KEY_UILaunchScreen_Generation = YES;
				INFOPLIST_KEY_UISupportedInterfaceOrientations_iPad = "UIInterfaceOrientationPortrait UIInterfaceOrientationPortraitUpsideDown UIInterfaceOrientationLandscapeLeft UIInterfaceOrientationLandscapeRight";
				INFOPLIST_KEY_UISupportedInterfaceOrientations_iPhone = "UIInterfaceOrientationPortrait UIInterfaceOrientationLandscapeLeft UIInterfaceOrientationLandscapeRight";
				LD_RUNPATH_SEARCH_PATHS = (
					"$(inherited)",
					"@executable_path/Frameworks",
				);
				MARKETING_VERSION = 1.0;
				PRODUCT_BUNDLE_IDENTIFIER = "com.golf-demo";
				PRODUCT_NAME = "$(TARGET_NAME)";
				SWIFT_EMIT_LOC_STRINGS = YES;
				SWIFT_VERSION = 5.0;
				TARGETED_DEVICE_FAMILY = "1,2";
			};
			name = Debug;
		};
		41A6580D28D2E539005CB28F /* Release */ = {
			isa = XCBuildConfiguration;
			buildSettings = {
				ASSETCATALOG_COMPILER_APPICON_NAME = AppIcon;
				ASSETCATALOG_COMPILER_GLOBAL_ACCENT_COLOR_NAME = AccentColor;
				CODE_SIGN_STYLE = Automatic;
				CURRENT_PROJECT_VERSION = 1;
				DEVELOPMENT_ASSET_PATHS = "\"golf_demo/Preview Content\"";
				DEVELOPMENT_TEAM = 9RNHKLVM64;
				ENABLE_PREVIEWS = YES;
				GENERATE_INFOPLIST_FILE = YES;
				INFOPLIST_KEY_UIApplicationSceneManifest_Generation = YES;
				INFOPLIST_KEY_UIApplicationSupportsIndirectInputEvents = YES;
				INFOPLIST_KEY_UILaunchScreen_Generation = YES;
				INFOPLIST_KEY_UISupportedInterfaceOrientations_iPad = "UIInterfaceOrientationPortrait UIInterfaceOrientationPortraitUpsideDown UIInterfaceOrientationLandscapeLeft UIInterfaceOrientationLandscapeRight";
				INFOPLIST_KEY_UISupportedInterfaceOrientations_iPhone = "UIInterfaceOrientationPortrait UIInterfaceOrientationLandscapeLeft UIInterfaceOrientationLandscapeRight";
				LD_RUNPATH_SEARCH_PATHS = (
					"$(inherited)",
					"@executable_path/Frameworks",
				);
				MARKETING_VERSION = 1.0;
				PRODUCT_BUNDLE_IDENTIFIER = "com.golf-demo";
				PRODUCT_NAME = "$(TARGET_NAME)";
				SWIFT_EMIT_LOC_STRINGS = YES;
				SWIFT_VERSION = 5.0;
				TARGETED_DEVICE_FAMILY = "1,2";
			};
			name = Release;
		};
/* End XCBuildConfiguration section */

/* Begin XCConfigurationList section */
		41A657F828D2E538005CB28F /* Build configuration list for PBXProject "golf_demo" */ = {
			isa = XCConfigurationList;
			buildConfigurations = (
				41A6580928D2E539005CB28F /* Debug */,
				41A6580A28D2E539005CB28F /* Release */,
			);
			defaultConfigurationIsVisible = 0;
			defaultConfigurationName = Release;
		};
		41A6580B28D2E539005CB28F /* Build configuration list for PBXNativeTarget "golf_demo" */ = {
			isa = XCConfigurationList;
			buildConfigurations = (
				41A6580C28D2E539005CB28F /* Debug */,
				41A6580D28D2E539005CB28F /* Release */,
			);
			defaultConfigurationIsVisible = 0;
			defaultConfigurationName = Release;
		};
/* End XCConfigurationList section */
	};
	rootObject = 41A657F528D2E538005CB28F /* Project object */;
}
